
Microsoft Visual Studio Solution File, Format Version 12.00
# Visual Studio Version 16
VisualStudioVersion = 16.0.29920.165
MinimumVisualStudioVersion = 10.0.40219.1
Project("{9A19103F-16F7-4668-BE54-9A1E7A4F7556}") = "DapperODataApi", "TestApp\DapperODataApi.csproj", "{CAE8AC4B-4F5D-4851-883D-2512F4CA71DD}"
EndProject
Project("{FAE04EC0-301F-11D3-BF4B-00C04F79EFBC}") = "DapperODataWebApi", "DapperODataWebApi\DapperODataWebApi.csproj", "{1B794775-16FD-4E1D-A7F3-9666F32F09F7}"
EndProject
Global
	GlobalSection(SolutionConfigurationPlatforms) = preSolution
		Debug|Any CPU = Debug|Any CPU
		Release|Any CPU = Release|Any CPU
	EndGlobalSection
	GlobalSection(ProjectConfigurationPlatforms) = postSolution
		{CAE8AC4B-4F5D-4851-883D-2512F4CA71DD}.Debug|Any CPU.ActiveCfg = Debug|Any CPU
		{CAE8AC4B-4F5D-4851-883D-2512F4CA71DD}.Debug|Any CPU.Build.0 = Debug|Any CPU
		{CAE8AC4B-4F5D-4851-883D-2512F4CA71DD}.Release|Any CPU.ActiveCfg = Release|Any CPU
		{CAE8AC4B-4F5D-4851-883D-2512F4CA71DD}.Release|Any CPU.Build.0 = Release|Any CPU
		{1B794775-16FD-4E1D-A7F3-9666F32F09F7}.Debug|Any CPU.ActiveCfg = Debug|Any CPU
		{1B794775-16FD-4E1D-A7F3-9666F32F09F7}.Debug|Any CPU.Build.0 = Debug|Any CPU
		{1B794775-16FD-4E1D-A7F3-9666F32F09F7}.Release|Any CPU.ActiveCfg = Release|Any CPU
		{1B794775-16FD-4E1D-A7F3-9666F32F09F7}.Release|Any CPU.Build.0 = Release|Any CPU
	EndGlobalSection
	GlobalSection(SolutionProperties) = preSolution
		HideSolutionNode = FALSE
	EndGlobalSection
	GlobalSection(ExtensibilityGlobals) = postSolution
		SolutionGuid = {45929F90-3366-4971-9303-36581051022E}
	EndGlobalSection
EndGlobal
